
Microsoft Visual Studio Solution File, Format Version 12.00
# Visual Studio Version 16
VisualStudioVersion = 16.0.30523.141
MinimumVisualStudioVersion = 10.0.40219.1
Project("{2150E333-8FDC-42A3-9474-1A3956D46DE8}") = "Core", "Core", "{1283C312-87AC-4503-BE22-1421EB1F4442}"
EndProject
Project("{2150E333-8FDC-42A3-9474-1A3956D46DE8}") = "Api", "Api", "{391CA182-B7D7-4D7D-81D2-4B5A03018B31}"
EndProject
Project("{2150E333-8FDC-42A3-9474-1A3956D46DE8}") = "Infrastructure", "Infrastructure", "{274BDC95-46E7-4F12-AA4C-8404E3A02226}"
EndProject
Project("{9A19103F-16F7-4668-BE54-9A1E7A4F7556}") = "CulinaryPortal.Domain", "CulinaryPortal.Domain\CulinaryPortal.Domain.csproj", "{B424E631-C80F-4F90-A29D-CDC5E79CA0C2}"
EndProject
Project("{9A19103F-16F7-4668-BE54-9A1E7A4F7556}") = "CulinaryPortal.Application", "CulinaryPortal.Application\CulinaryPortal.Application.csproj", "{1DDD0169-104E-4E53-A703-4273DFA81713}"
EndProject
Project("{9A19103F-16F7-4668-BE54-9A1E7A4F7556}") = "CulinaryPortal.Persistence", "CulinaryPortal.Persistence\CulinaryPortal.Persistence.csproj", "{08A6333F-0AAD-45EA-B50D-B38750A4B049}"
EndProject
Project("{9A19103F-16F7-4668-BE54-9A1E7A4F7556}") = "CulinaryPortal.ApplicationProgrammingInterface", "CulinaryPortal.ApplicationProgrammingInterface\CulinaryPortal.ApplicationProgrammingInterface.csproj", "{2DFC8101-E0D4-401B-A318-94F050BFE366}"
EndProject
Global
	GlobalSection(SolutionConfigurationPlatforms) = preSolution
		Debug|Any CPU = Debug|Any CPU
		Release|Any CPU = Release|Any CPU
	EndGlobalSection
	GlobalSection(ProjectConfigurationPlatforms) = postSolution
		{B424E631-C80F-4F90-A29D-CDC5E79CA0C2}.Debug|Any CPU.ActiveCfg = Debug|Any CPU
		{B424E631-C80F-4F90-A29D-CDC5E79CA0C2}.Debug|Any CPU.Build.0 = Debug|Any CPU
		{B424E631-C80F-4F90-A29D-CDC5E79CA0C2}.Release|Any CPU.ActiveCfg = Release|Any CPU
		{B424E631-C80F-4F90-A29D-CDC5E79CA0C2}.Release|Any CPU.Build.0 = Release|Any CPU
		{1DDD0169-104E-4E53-A703-4273DFA81713}.Debug|Any CPU.ActiveCfg = Debug|Any CPU
		{1DDD0169-104E-4E53-A703-4273DFA81713}.Debug|Any CPU.Build.0 = Debug|Any CPU
		{1DDD0169-104E-4E53-A703-4273DFA81713}.Release|Any CPU.ActiveCfg = Release|Any CPU
		{1DDD0169-104E-4E53-A703-4273DFA81713}.Release|Any CPU.Build.0 = Release|Any CPU
		{08A6333F-0AAD-45EA-B50D-B38750A4B049}.Debug|Any CPU.ActiveCfg = Debug|Any CPU
		{08A6333F-0AAD-45EA-B50D-B38750A4B049}.Debug|Any CPU.Build.0 = Debug|Any CPU
		{08A6333F-0AAD-45EA-B50D-B38750A4B049}.Release|Any CPU.ActiveCfg = Release|Any CPU
		{08A6333F-0AAD-45EA-B50D-B38750A4B049}.Release|Any CPU.Build.0 = Release|Any CPU
		{2DFC8101-E0D4-401B-A318-94F050BFE366}.Debug|Any CPU.ActiveCfg = Debug|Any CPU
		{2DFC8101-E0D4-401B-A318-94F050BFE366}.Debug|Any CPU.Build.0 = Debug|Any CPU
		{2DFC8101-E0D4-401B-A318-94F050BFE366}.Release|Any CPU.ActiveCfg = Release|Any CPU
		{2DFC8101-E0D4-401B-A318-94F050BFE366}.Release|Any CPU.Build.0 = Release|Any CPU
	EndGlobalSection
	GlobalSection(SolutionProperties) = preSolution
		HideSolutionNode = FALSE
	EndGlobalSection
	GlobalSection(NestedProjects) = preSolution
		{B424E631-C80F-4F90-A29D-CDC5E79CA0C2} = {1283C312-87AC-4503-BE22-1421EB1F4442}
		{1DDD0169-104E-4E53-A703-4273DFA81713} = {1283C312-87AC-4503-BE22-1421EB1F4442}
		{08A6333F-0AAD-45EA-B50D-B38750A4B049} = {274BDC95-46E7-4F12-AA4C-8404E3A02226}
		{2DFC8101-E0D4-401B-A318-94F050BFE366} = {391CA182-B7D7-4D7D-81D2-4B5A03018B31}
	EndGlobalSection
	GlobalSection(ExtensibilityGlobals) = postSolution
		SolutionGuid = {B3B73692-AD4E-4248-8D6F-FB05867664CC}
	EndGlobalSection
EndGlobal
